
Microsoft Visual Studio Solution File, Format Version 12.00
# Visual Studio Version 16
VisualStudioVersion = 16.0.30907.101
MinimumVisualStudioVersion = 10.0.40219.1
Project("{FAE04EC0-301F-11D3-BF4B-00C04F79EFBC}") = "WebApiCRUD.Service", "WebApiCRUD.Service\WebApiCRUD.Service.csproj", "{01499D25-F3DE-45C3-9115-E5F9E64EB2EC}"
EndProject
Project("{FAE04EC0-301F-11D3-BF4B-00C04F79EFBC}") = "WebApiCRUD.Business", "WebApiCRUD.Business\WebApiCRUD.Business.csproj", "{BFD995EF-E120-4B10-B4F0-3F971BA0082C}"
EndProject
Global
	GlobalSection(SolutionConfigurationPlatforms) = preSolution
		Debug|Any CPU = Debug|Any CPU
		Release|Any CPU = Release|Any CPU
	EndGlobalSection
	GlobalSection(ProjectConfigurationPlatforms) = postSolution
		{01499D25-F3DE-45C3-9115-E5F9E64EB2EC}.Debug|Any CPU.ActiveCfg = Debug|Any CPU
		{01499D25-F3DE-45C3-9115-E5F9E64EB2EC}.Debug|Any CPU.Build.0 = Debug|Any CPU
		{01499D25-F3DE-45C3-9115-E5F9E64EB2EC}.Release|Any CPU.ActiveCfg = Release|Any CPU
		{01499D25-F3DE-45C3-9115-E5F9E64EB2EC}.Release|Any CPU.Build.0 = Release|Any CPU
		{BFD995EF-E120-4B10-B4F0-3F971BA0082C}.Debug|Any CPU.ActiveCfg = Debug|Any CPU
		{BFD995EF-E120-4B10-B4F0-3F971BA0082C}.Debug|Any CPU.Build.0 = Debug|Any CPU
		{BFD995EF-E120-4B10-B4F0-3F971BA0082C}.Release|Any CPU.ActiveCfg = Release|Any CPU
		{BFD995EF-E120-4B10-B4F0-3F971BA0082C}.Release|Any CPU.Build.0 = Release|Any CPU
	EndGlobalSection
	GlobalSection(SolutionProperties) = preSolution
		HideSolutionNode = FALSE
	EndGlobalSection
	GlobalSection(ExtensibilityGlobals) = postSolution
		SolutionGuid = {FE263A40-3B3A-4AB1-AF8B-1EB1D6D60BDF}
	EndGlobalSection
EndGlobal
